
Microsoft Visual Studio Solution File, Format Version 12.00
# Visual Studio Version 17
VisualStudioVersion = 17.3.32825.248
MinimumVisualStudioVersion = 10.0.40219.1
Project("{888888A0-9F3D-457C-B088-3A5042F75D52}") = "Gauss", "Gauss\Gauss.pyproj", "{C940C6E0-A787-43F7-90D4-62D4969D2D1A}"
EndProject
Global
	GlobalSection(SolutionConfigurationPlatforms) = preSolution
		Debug|Any CPU = Debug|Any CPU
		Release|Any CPU = Release|Any CPU
	EndGlobalSection
	GlobalSection(ProjectConfigurationPlatforms) = postSolution
		{C940C6E0-A787-43F7-90D4-62D4969D2D1A}.Debug|Any CPU.ActiveCfg = Debug|Any CPU
		{C940C6E0-A787-43F7-90D4-62D4969D2D1A}.Release|Any CPU.ActiveCfg = Release|Any CPU
	EndGlobalSection
	GlobalSection(SolutionProperties) = preSolution
		HideSolutionNode = FALSE
	EndGlobalSection
	GlobalSection(ExtensibilityGlobals) = postSolution
		SolutionGuid = {DE7E7909-2F87-4D25-86E1-846F569917CE}
	EndGlobalSection
EndGlobal
